{
  "name": "quick_links_chrome",
  "lockfileVersion": 2,
  "requires": true,
  "packages": {
    "": {
      "dependencies": {
        "piebuilder": "^0.0.9"
      }
    },
    "node_modules/piebuilder": {
      "version": "0.0.9",
      "resolved": "https://registry.npmjs.org/piebuilder/-/piebuilder-0.0.9.tgz",
      "integrity": "sha512-DAh24nsx37qYi7l0PQI/cLmblOVhRaSLfrv7WMuThrd3A1EaxgY82g9HZ9FMiQHE6IBhpUSQveLD81czF7XHVA=="
    }
  },
  "dependencies": {
    "piebuilder": {
      "version": "0.0.9",
      "resolved": "https://registry.npmjs.org/piebuilder/-/piebuilder-0.0.9.tgz",
      "integrity": "sha512-DAh24nsx37qYi7l0PQI/cLmblOVhRaSLfrv7WMuThrd3A1EaxgY82g9HZ9FMiQHE6IBhpUSQveLD81czF7XHVA=="
    }
  }
}
