{
  "name": "quick_links_chrome",
  "lockfileVersion": 2,
  "requires": true,
  "packages": {
    "": {
      "dependencies": {
        "piebuilder": "^0.0.11"
      }
    },
    "node_modules/piebuilder": {
      "version": "0.0.11",
      "resolved": "https://registry.npmjs.org/piebuilder/-/piebuilder-0.0.11.tgz",
      "integrity": "sha512-4YLM+QSb+aQDm1tmXwCvbAYy/WUVl13tBbn5Jg/RCQXU2YTlJ+BAqnfKJABITuGP/CsYD4rQ+cfeYLQy2ldnOQ=="
    }
  },
  "dependencies": {
    "piebuilder": {
      "version": "0.0.11",
      "resolved": "https://registry.npmjs.org/piebuilder/-/piebuilder-0.0.11.tgz",
      "integrity": "sha512-4YLM+QSb+aQDm1tmXwCvbAYy/WUVl13tBbn5Jg/RCQXU2YTlJ+BAqnfKJABITuGP/CsYD4rQ+cfeYLQy2ldnOQ=="
    }
  }
}
